<?xml version="1.0" encoding="utf-8"?>
<Project ToolsVersion="4.0" xmlns="http://schemas.microsoft.com/developer/msbuild/2003">
  <ItemGroup>
    <Filter Include="Source Files">
      <UniqueIdentifier>{4FC737F1-C7A5-4376-A066-2A32D752A2FF}</UniqueIdentifier>
      <Extensions>cpp;c;cc;cxx;def;odl;idl;hpj;bat;asm;asmx</Extensions>
    </Filter>
    <Filter Include="Header Files">
      <UniqueIdentifier>{93995380-89BD-4b04-88EB-625FBE52EBFB}</UniqueIdentifier>
      <Extensions>h;hh;hpp;hxx;hm;inl;inc;ipp;xsd</Extensions>
    </Filter>
    <Filter Include="Resource Files">
      <UniqueIdentifier>{67DA6AB6-F800-4c08-8B7A-83BB121AAD01}</UniqueIdentifier>
      <Extensions>rc;ico;cur;bmp;dlg;rc2;rct;bin;rgs;gif;jpg;jpeg;jpe;resx;tiff;tif;png;wav;mfcribbon-ms</Extensions>
    </Filter>
  </ItemGroup>
  <ItemGroup>
    <ClCompile Include="src\Rendering\Program.cpp">
      <Filter>Source Files</Filter>
    </ClCompile>
    <ClCompile Include="src\Main.cpp">
      <Filter>Source Files</Filter>
    </ClCompile>
    <ClCompile Include="src\Rendering\Renderer\DrawCall\DrawCall.cpp">
      <Filter>Source Files</Filter>
    </ClCompile>
    <ClCompile Include="src\Rendering\Renderer\DrawCall\DrawCallDrawArrays.cpp">
      <Filter>Source Files</Filter>
    </ClCompile>
    <ClCompile Include="src\Rendering\Shader\Shader.cpp">
      <Filter>Source Files</Filter>
    </ClCompile>
    <ClCompile Include="src\Rendering\Shader\ShaderSourceCode.cpp">
      <Filter>Source Files</Filter>
    </ClCompile>
    <ClCompile Include="src\Utilities\FileReader.cpp">
      <Filter>Source Files</Filter>
    </ClCompile>
    <ClCompile Include="src\Utilities\ShaderBuilder.cpp">
      <Filter>Source Files</Filter>
    </ClCompile>
    <ClCompile Include="src\Rendering\Renderer\Renderer.cpp">
      <Filter>Source Files</Filter>
    </ClCompile>
    <ClCompile Include="src\Rendering\Renderer\DrawCall\DrawCallDrawArraysInstanced.cpp">
      <Filter>Source Files</Filter>
    </ClCompile>
    <ClCompile Include="src\Rendering\Renderer\DrawCall\DrawCallDrawElementsInstanced.cpp">
      <Filter>Source Files</Filter>
    </ClCompile>
    <ClCompile Include="src\Rendering\RenderObject\Attribute.cpp">
      <Filter>Source Files</Filter>
    </ClCompile>
    <ClCompile Include="src\Rendering\RenderObject\RenderObject.cpp">
      <Filter>Source Files</Filter>
    </ClCompile>
    <ClCompile Include="src\Rendering\RenderObject\RenderObjectInstance.cpp">
      <Filter>Source Files</Filter>
    </ClCompile>
    <ClCompile Include="src\Rendering\RenderObject\VertexArrayObject.cpp">
      <Filter>Source Files</Filter>
    </ClCompile>
    <ClCompile Include="src\Rendering\RenderObject\VertexAttribArray.cpp">
      <Filter>Source Files</Filter>
    </ClCompile>
    <ClCompile Include="src\Rendering\RenderObject\VertexBufferObject.cpp">
      <Filter>Source Files</Filter>
    </ClCompile>
    <ClCompile Include="src\FileManagement\VertexAttribSerializer.cpp">
      <Filter>Source Files</Filter>
    </ClCompile>
    <ClCompile Include="src\Rendering\RenderObject\VertexBufferManager.cpp">
      <Filter>Source Files</Filter>
    </ClCompile>
    <ClCompile Include="src\Rendering\RenderObject\VertexArrayManager.cpp">
      <Filter>Source Files</Filter>
    </ClCompile>
  </ItemGroup>
  <ItemGroup>
    <ClInclude Include="src\Rendering\Renderer\Renderer.h">
      <Filter>Header Files</Filter>
    </ClInclude>
    <ClInclude Include="src\Rendering\Renderer\DrawCall\DrawCall.h">
      <Filter>Header Files</Filter>
    </ClInclude>
    <ClInclude Include="src\Rendering\Renderer\DrawCall\DrawCallDrawArrays.h">
      <Filter>Header Files</Filter>
    </ClInclude>
    <ClInclude Include="src\Rendering\Program.h">
      <Filter>Header Files</Filter>
    </ClInclude>
    <ClInclude Include="src\Rendering\Shader\Shader.h">
      <Filter>Header Files</Filter>
    </ClInclude>
    <ClInclude Include="src\Rendering\Shader\ShaderSourceCode.h">
      <Filter>Header Files</Filter>
    </ClInclude>
    <ClInclude Include="src\Utilities\FileReader.h">
      <Filter>Header Files</Filter>
    </ClInclude>
    <ClInclude Include="src\PreprocessorSettings.h">
      <Filter>Header Files</Filter>
    </ClInclude>
    <ClInclude Include="src\Rendering\Shader\ShaderType.h">
      <Filter>Header Files</Filter>
    </ClInclude>
    <ClInclude Include="src\Utilities\ShaderBuilder.h">
      <Filter>Header Files</Filter>
    </ClInclude>
    <ClInclude Include="src\Rendering\Model\Model.h">
      <Filter>Header Files</Filter>
    </ClInclude>
    <ClInclude Include="src\Rendering\Model\ModelLoader.h">
      <Filter>Header Files</Filter>
    </ClInclude>
    <ClInclude Include="src\Rendering\Model\ModelLoader_STL.h">
      <Filter>Header Files</Filter>
    </ClInclude>
    <ClInclude Include="src\Rendering\Renderer\DrawCall\DrawCallDrawArraysInstanced.h">
      <Filter>Header Files</Filter>
    </ClInclude>
    <ClInclude Include="src\Rendering\Renderer\DrawCall\DrawCallDrawElementsInstanced.h">
      <Filter>Header Files</Filter>
    </ClInclude>
    <ClInclude Include="src\Rendering\RenderObject\Attribute.h">
      <Filter>Header Files</Filter>
    </ClInclude>
    <ClInclude Include="src\Rendering\RenderObject\RenderObject.h">
      <Filter>Header Files</Filter>
    </ClInclude>
    <ClInclude Include="src\Rendering\RenderObject\RenderObjectInstance.h">
      <Filter>Header Files</Filter>
    </ClInclude>
    <ClInclude Include="src\Rendering\RenderObject\VertexArrayObject.h">
      <Filter>Header Files</Filter>
    </ClInclude>
    <ClInclude Include="src\Rendering\RenderObject\VertexAttribArray.h">
      <Filter>Header Files</Filter>
    </ClInclude>
    <ClInclude Include="src\Rendering\RenderObject\VertexBufferObject.h">
      <Filter>Header Files</Filter>
    </ClInclude>
    <ClInclude Include="src\FileManagement\VertexAttribSerializer.h">
      <Filter>Header Files</Filter>
    </ClInclude>
    <ClInclude Include="src\Rendering\RenderObject\VertexBufferManager.h">
      <Filter>Header Files</Filter>
    </ClInclude>
    <ClInclude Include="src\Rendering\RenderObject\VertexArrayManager.h">
      <Filter>Header Files</Filter>
    </ClInclude>
    <ClInclude Include="src\FileManagement\Parser\Parser.h">
      <Filter>Header Files</Filter>
    </ClInclude>
  </ItemGroup>
  <ItemGroup>
    <Text Include="ShaderFiles\prova.txt" />
    <Text Include="src\TODO.txt" />
  </ItemGroup>
  <ItemGroup>
    <None Include="ShaderFiles\shader.vert" />
    <None Include="ShaderFiles\shader.frag" />
    <None Include="ShaderFiles\cel.frag" />
    <None Include="ShaderFiles\cel.vert" />
    <None Include="ShaderFiles\flat.frag" />
    <None Include="ShaderFiles\flat.vert" />
    <None Include="ShaderFiles\p_shade.frag" />
    <None Include="ShaderFiles\p_shade.vert" />
    <None Include="ShaderFiles\shade.frag" />
    <None Include="ShaderFiles\shade.vert" />
    <None Include="3DModels\Cube.stl" />
    <None Include="3DModels\Head.stl" />
    <None Include="3DModels\ico.stl" />
    <None Include="3DModels\Membrane.stl" />
    <None Include="3DModels\Plane.stl" />
    <None Include="3DModels\S2.stl" />
    <None Include="3DModels\Sphere.stl" />
    <None Include="ShaderFiles\Phong.vert" />
    <None Include="ShaderFiles\Phong.frag" />
  </ItemGroup>
</Project>